PODS:
  - Alamofire (4.2.0)
  - Digits (2.5.0):
    - TwitterCore (= 2.5.0)
  - Fabric (1.6.11)
  - PeekPop (1.0.0)
  - Realm (2.0.3):
    - Realm/Headers (= 2.0.3)
  - Realm/Headers (2.0.3)
  - RealmSwift (2.0.3):
    - Realm (= 2.0.3)
  - TwitterCore (2.5.0):
    - Fabric

DEPENDENCIES:
  - Alamofire (~> 4.0)
  - Digits
  - Fabric
  - PeekPop (~> 1.0)
  - RealmSwift

SPEC CHECKSUMS:
  Alamofire: aa2e09d871c9160ac53c90e83c68064a94e3dfbe
  Digits: c69ee2d1a6acf728c5d159f1bd335e4882bd3225
  Fabric: 5911403591946b8228ab1c51d98f1d7137e863c6
  PeekPop: dcac0f339476b99eb50f8e3bc584f332c744ecf1
  Realm: 5f008bfe3c8c47142eddfc30b8c1584cde22db24
  RealmSwift: 5afb451f65b682242f272dbb52d5c6f6e343c980
  TwitterCore: 95c46af93112768a7983bd370d66023553601d01

PODFILE CHECKSUM: b12918159e39904a5690efe5d7adb43732818ab4

COCOAPODS: 1.2.0.beta.1
