// !$*UTF8*$!
{
	archiveVersion = 1;
	classes = {
	};
	objectVersion = 46;
	objects = {

/* Begin PBXBuildFile section */
		451D3E111E1145EB00B6C86D /* SMSService.swift in Sources */ = {isa = PBXBuildFile; fileRef = 451D3E101E1145EB00B6C86D /* SMSService.swift */; };
		452EC6CB1DF1E29400531090 /* AppDelegate.swift in Sources */ = {isa = PBXBuildFile; fileRef = 452EC6CA1DF1E29400531090 /* AppDelegate.swift */; };
		452EC6D01DF1E29400531090 /* Main.storyboard in Resources */ = {isa = PBXBuildFile; fileRef = 452EC6CE1DF1E29400531090 /* Main.storyboard */; };
		452EC6D21DF1E29400531090 /* Assets.xcassets in Resources */ = {isa = PBXBuildFile; fileRef = 452EC6D11DF1E29400531090 /* Assets.xcassets */; };
		452EC6D51DF1E29400531090 /* LaunchScreen.storyboard in Resources */ = {isa = PBXBuildFile; fileRef = 452EC6D31DF1E29400531090 /* LaunchScreen.storyboard */; };
		452EC6E01DF1E29400531090 /* ProfileTests.swift in Sources */ = {isa = PBXBuildFile; fileRef = 452EC6DF1DF1E29400531090 /* ProfileTests.swift */; };
		452EC6F51DF1EEE500531090 /* DBManager.swift in Sources */ = {isa = PBXBuildFile; fileRef = 452EC6F41DF1EEE500531090 /* DBManager.swift */; };
		452EC6FC1DF2195500531090 /* RealmUser.swift in Sources */ = {isa = PBXBuildFile; fileRef = 452EC6FB1DF2195500531090 /* RealmUser.swift */; };
		452EC6FE1DF21C6100531090 /* RealmProfile.swift in Sources */ = {isa = PBXBuildFile; fileRef = 452EC6FD1DF21C6100531090 /* RealmProfile.swift */; };
		4531AC641DF4A52E007F675F /* AuthViewControllerViewModel.swift in Sources */ = {isa = PBXBuildFile; fileRef = 4531AC631DF4A52E007F675F /* AuthViewControllerViewModel.swift */; };
		4531AC661DF5991B007F675F /* CreateProfileViewController.swift in Sources */ = {isa = PBXBuildFile; fileRef = 4531AC651DF5991B007F675F /* CreateProfileViewController.swift */; };
		4531AC681DF59B7C007F675F /* CreateProfileViewControllerViewModel.swift in Sources */ = {isa = PBXBuildFile; fileRef = 4531AC671DF59B7C007F675F /* CreateProfileViewControllerViewModel.swift */; };
		453D9EC31DFB119B00F06055 /* AddNewLinkCell.swift in Sources */ = {isa = PBXBuildFile; fileRef = 453D9EC21DFB119B00F06055 /* AddNewLinkCell.swift */; };
		453D9EC51DFB11B400F06055 /* LinkCell.swift in Sources */ = {isa = PBXBuildFile; fileRef = 453D9EC41DFB11B400F06055 /* LinkCell.swift */; };
		454424FC1DFEE91700F7147B /* LinkTypeTableCell.swift in Sources */ = {isa = PBXBuildFile; fileRef = 454424FB1DFEE91700F7147B /* LinkTypeTableCell.swift */; };
		454424FE1DFEE9F100F7147B /* AddLinkViewController.swift in Sources */ = {isa = PBXBuildFile; fileRef = 454424FD1DFEE9F100F7147B /* AddLinkViewController.swift */; };
		454425001DFEED2900F7147B /* AddLinkViewControllerViewModel.swift in Sources */ = {isa = PBXBuildFile; fileRef = 454424FF1DFEED2900F7147B /* AddLinkViewControllerViewModel.swift */; };
		454425021DFEEE0900F7147B /* TypeLinkManager.swift in Sources */ = {isa = PBXBuildFile; fileRef = 454425011DFEEE0900F7147B /* TypeLinkManager.swift */; };
		455B37151DF42E9C00D47957 /* AppDependence.swift in Sources */ = {isa = PBXBuildFile; fileRef = 455B37141DF42E9C00D47957 /* AppDependence.swift */; };
		455B37171DF42F4C00D47957 /* UserManager.swift in Sources */ = {isa = PBXBuildFile; fileRef = 455B37161DF42F4C00D47957 /* UserManager.swift */; };
		455B371A1DF4306A00D47957 /* RootViewController.swift in Sources */ = {isa = PBXBuildFile; fileRef = 455B37191DF4306A00D47957 /* RootViewController.swift */; };
		455B371C1DF4309400D47957 /* RootControllerViewModel.swift in Sources */ = {isa = PBXBuildFile; fileRef = 455B371B1DF4309400D47957 /* RootControllerViewModel.swift */; };
		455B371F1DF466D600D47957 /* Auth.storyboard in Resources */ = {isa = PBXBuildFile; fileRef = 455B371E1DF466D600D47957 /* Auth.storyboard */; };
		455B37231DF4670B00D47957 /* Profile.storyboard in Resources */ = {isa = PBXBuildFile; fileRef = 455B37221DF4670B00D47957 /* Profile.storyboard */; };
		455B37271DF469D600D47957 /* AuthViewController.swift in Sources */ = {isa = PBXBuildFile; fileRef = 455B37261DF469D600D47957 /* AuthViewController.swift */; };
		455B37291DF469DF00D47957 /* MainViewController.swift in Sources */ = {isa = PBXBuildFile; fileRef = 455B37281DF469DF00D47957 /* MainViewController.swift */; };
		457DA4411DF4906C00920AFC /* AuthContentViewController.swift in Sources */ = {isa = PBXBuildFile; fileRef = 457DA4401DF4906C00920AFC /* AuthContentViewController.swift */; };
		457DA4451DF4A29C00920AFC /* PageViewModelManager.swift in Sources */ = {isa = PBXBuildFile; fileRef = 457DA4441DF4A29C00920AFC /* PageViewModelManager.swift */; };
		45A609EB1DF2325200F98F20 /* RealmTypeLink.swift in Sources */ = {isa = PBXBuildFile; fileRef = 45A609EA1DF2325200F98F20 /* RealmTypeLink.swift */; };
		45A609ED1DF235DB00F98F20 /* RealmLink.swift in Sources */ = {isa = PBXBuildFile; fileRef = 45A609EC1DF235DB00F98F20 /* RealmLink.swift */; };
		45B6D9991DF83A9100038D29 /* MainViewControllerViewModel.swift in Sources */ = {isa = PBXBuildFile; fileRef = 45B6D9981DF83A9100038D29 /* MainViewControllerViewModel.swift */; };
		45BB41CD1E048B0C000FCEF1 /* StotyboardRouter.swift in Sources */ = {isa = PBXBuildFile; fileRef = 45BB41CC1E048B0C000FCEF1 /* StotyboardRouter.swift */; };
		45BB41CF1E05597F000FCEF1 /* ViewControllersRoutingSwizzle.swift in Sources */ = {isa = PBXBuildFile; fileRef = 45BB41CE1E05597F000FCEF1 /* ViewControllersRoutingSwizzle.swift */; };
		45BB41D11E055E82000FCEF1 /* DispathQueue+Once.swift in Sources */ = {isa = PBXBuildFile; fileRef = 45BB41D01E055E82000FCEF1 /* DispathQueue+Once.swift */; };
		45BB41D31E072236000FCEF1 /* SendingViewController.swift in Sources */ = {isa = PBXBuildFile; fileRef = 45BB41D21E072236000FCEF1 /* SendingViewController.swift */; };
		45D5EA291E1158DD004AADF1 /* PhoneNumberViewController.swift in Sources */ = {isa = PBXBuildFile; fileRef = 45D5EA281E1158DD004AADF1 /* PhoneNumberViewController.swift */; };
		45D5EA2B1E115912004AADF1 /* EnterCodeViewController.swift in Sources */ = {isa = PBXBuildFile; fileRef = 45D5EA2A1E115912004AADF1 /* EnterCodeViewController.swift */; };
		45D5EA2D1E115924004AADF1 /* PhoneNumberViewModel.swift in Sources */ = {isa = PBXBuildFile; fileRef = 45D5EA2C1E115924004AADF1 /* PhoneNumberViewModel.swift */; };
		45D5EA2F1E11592D004AADF1 /* EnterCodeViewModel.swift in Sources */ = {isa = PBXBuildFile; fileRef = 45D5EA2E1E11592D004AADF1 /* EnterCodeViewModel.swift */; };
		63318F4F2758F3F07ABD5A34 /* Pods_Profile.framework in Frameworks */ = {isa = PBXBuildFile; fileRef = E7AE6DC608A8559B89659F45 /* Pods_Profile.framework */; };
		94D915E8D071E37FCE625E7C /* Pods_ProfileTests.framework in Frameworks */ = {isa = PBXBuildFile; fileRef = C73A84112364A796F1493C79 /* Pods_ProfileTests.framework */; };
/* End PBXBuildFile section */

/* Begin PBXContainerItemProxy section */
		452EC6DC1DF1E29400531090 /* PBXContainerItemProxy */ = {
			isa = PBXContainerItemProxy;
			containerPortal = 452EC6BF1DF1E29400531090 /* Project object */;
			proxyType = 1;
			remoteGlobalIDString = 452EC6C61DF1E29400531090;
			remoteInfo = Profile;
		};
/* End PBXContainerItemProxy section */

/* Begin PBXFileReference section */
		451D3E101E1145EB00B6C86D /* SMSService.swift */ = {isa = PBXFileReference; fileEncoding = 4; lastKnownFileType = sourcecode.swift; path = SMSService.swift; sourceTree = "<group>"; };
		452EC6C71DF1E29400531090 /* Profile.app */ = {isa = PBXFileReference; explicitFileType = wrapper.application; includeInIndex = 0; path = Profile.app; sourceTree = BUILT_PRODUCTS_DIR; };
		452EC6CA1DF1E29400531090 /* AppDelegate.swift */ = {isa = PBXFileReference; lastKnownFileType = sourcecode.swift; name = AppDelegate.swift; path = ../AppDelegate.swift; sourceTree = "<group>"; };
		452EC6CF1DF1E29400531090 /* Base */ = {isa = PBXFileReference; lastKnownFileType = file.storyboard; name = Base; path = Base.lproj/Main.storyboard; sourceTree = "<group>"; };
		452EC6D11DF1E29400531090 /* Assets.xcassets */ = {isa = PBXFileReference; lastKnownFileType = folder.assetcatalog; name = Assets.xcassets; path = ../Assets.xcassets; sourceTree = "<group>"; };
		452EC6D41DF1E29400531090 /* Base */ = {isa = PBXFileReference; lastKnownFileType = file.storyboard; name = Base; path = Base.lproj/LaunchScreen.storyboard; sourceTree = "<group>"; };
		452EC6D61DF1E29400531090 /* Info.plist */ = {isa = PBXFileReference; lastKnownFileType = text.plist.xml; path = Info.plist; sourceTree = "<group>"; };
		452EC6DB1DF1E29400531090 /* ProfileTests.xctest */ = {isa = PBXFileReference; explicitFileType = wrapper.cfbundle; includeInIndex = 0; path = ProfileTests.xctest; sourceTree = BUILT_PRODUCTS_DIR; };
		452EC6DF1DF1E29400531090 /* ProfileTests.swift */ = {isa = PBXFileReference; lastKnownFileType = sourcecode.swift; path = ProfileTests.swift; sourceTree = "<group>"; };
		452EC6E11DF1E29400531090 /* Info.plist */ = {isa = PBXFileReference; lastKnownFileType = text.plist.xml; path = Info.plist; sourceTree = "<group>"; };
		452EC6F41DF1EEE500531090 /* DBManager.swift */ = {isa = PBXFileReference; fileEncoding = 4; lastKnownFileType = sourcecode.swift; path = DBManager.swift; sourceTree = "<group>"; };
		452EC6FB1DF2195500531090 /* RealmUser.swift */ = {isa = PBXFileReference; fileEncoding = 4; lastKnownFileType = sourcecode.swift; path = RealmUser.swift; sourceTree = "<group>"; };
		452EC6FD1DF21C6100531090 /* RealmProfile.swift */ = {isa = PBXFileReference; fileEncoding = 4; lastKnownFileType = sourcecode.swift; path = RealmProfile.swift; sourceTree = "<group>"; };
		4531AC631DF4A52E007F675F /* AuthViewControllerViewModel.swift */ = {isa = PBXFileReference; fileEncoding = 4; lastKnownFileType = sourcecode.swift; path = AuthViewControllerViewModel.swift; sourceTree = "<group>"; };
		4531AC651DF5991B007F675F /* CreateProfileViewController.swift */ = {isa = PBXFileReference; fileEncoding = 4; lastKnownFileType = sourcecode.swift; path = CreateProfileViewController.swift; sourceTree = "<group>"; };
		4531AC671DF59B7C007F675F /* CreateProfileViewControllerViewModel.swift */ = {isa = PBXFileReference; fileEncoding = 4; lastKnownFileType = sourcecode.swift; path = CreateProfileViewControllerViewModel.swift; sourceTree = "<group>"; };
		453D9EC21DFB119B00F06055 /* AddNewLinkCell.swift */ = {isa = PBXFileReference; fileEncoding = 4; lastKnownFileType = sourcecode.swift; path = AddNewLinkCell.swift; sourceTree = "<group>"; };
		453D9EC41DFB11B400F06055 /* LinkCell.swift */ = {isa = PBXFileReference; fileEncoding = 4; lastKnownFileType = sourcecode.swift; path = LinkCell.swift; sourceTree = "<group>"; };
		454424FB1DFEE91700F7147B /* LinkTypeTableCell.swift */ = {isa = PBXFileReference; fileEncoding = 4; lastKnownFileType = sourcecode.swift; path = LinkTypeTableCell.swift; sourceTree = "<group>"; };
		454424FD1DFEE9F100F7147B /* AddLinkViewController.swift */ = {isa = PBXFileReference; fileEncoding = 4; lastKnownFileType = sourcecode.swift; path = AddLinkViewController.swift; sourceTree = "<group>"; };
		454424FF1DFEED2900F7147B /* AddLinkViewControllerViewModel.swift */ = {isa = PBXFileReference; fileEncoding = 4; lastKnownFileType = sourcecode.swift; path = AddLinkViewControllerViewModel.swift; sourceTree = "<group>"; };
		454425011DFEEE0900F7147B /* TypeLinkManager.swift */ = {isa = PBXFileReference; fileEncoding = 4; lastKnownFileType = sourcecode.swift; path = TypeLinkManager.swift; sourceTree = "<group>"; };
		455B37141DF42E9C00D47957 /* AppDependence.swift */ = {isa = PBXFileReference; fileEncoding = 4; lastKnownFileType = sourcecode.swift; path = AppDependence.swift; sourceTree = "<group>"; };
		455B37161DF42F4C00D47957 /* UserManager.swift */ = {isa = PBXFileReference; fileEncoding = 4; lastKnownFileType = sourcecode.swift; path = UserManager.swift; sourceTree = "<group>"; };
		455B37191DF4306A00D47957 /* RootViewController.swift */ = {isa = PBXFileReference; fileEncoding = 4; lastKnownFileType = sourcecode.swift; path = RootViewController.swift; sourceTree = "<group>"; };
		455B371B1DF4309400D47957 /* RootControllerViewModel.swift */ = {isa = PBXFileReference; fileEncoding = 4; lastKnownFileType = sourcecode.swift; path = RootControllerViewModel.swift; sourceTree = "<group>"; };
		455B371D1DF4629E00D47957 /* Profile.entitlements */ = {isa = PBXFileReference; lastKnownFileType = text.plist.entitlements; path = Profile.entitlements; sourceTree = "<group>"; };
		455B371E1DF466D600D47957 /* Auth.storyboard */ = {isa = PBXFileReference; fileEncoding = 4; lastKnownFileType = file.storyboard; path = Auth.storyboard; sourceTree = "<group>"; };
		455B37221DF4670B00D47957 /* Profile.storyboard */ = {isa = PBXFileReference; fileEncoding = 4; lastKnownFileType = file.storyboard; path = Profile.storyboard; sourceTree = "<group>"; };
		455B37261DF469D600D47957 /* AuthViewController.swift */ = {isa = PBXFileReference; fileEncoding = 4; lastKnownFileType = sourcecode.swift; path = AuthViewController.swift; sourceTree = "<group>"; };
		455B37281DF469DF00D47957 /* MainViewController.swift */ = {isa = PBXFileReference; fileEncoding = 4; lastKnownFileType = sourcecode.swift; path = MainViewController.swift; sourceTree = "<group>"; };
		457DA4401DF4906C00920AFC /* AuthContentViewController.swift */ = {isa = PBXFileReference; fileEncoding = 4; lastKnownFileType = sourcecode.swift; path = AuthContentViewController.swift; sourceTree = "<group>"; };
		457DA4441DF4A29C00920AFC /* PageViewModelManager.swift */ = {isa = PBXFileReference; fileEncoding = 4; lastKnownFileType = sourcecode.swift; path = PageViewModelManager.swift; sourceTree = "<group>"; };
		45A609EA1DF2325200F98F20 /* RealmTypeLink.swift */ = {isa = PBXFileReference; fileEncoding = 4; lastKnownFileType = sourcecode.swift; path = RealmTypeLink.swift; sourceTree = "<group>"; };
		45A609EC1DF235DB00F98F20 /* RealmLink.swift */ = {isa = PBXFileReference; fileEncoding = 4; lastKnownFileType = sourcecode.swift; path = RealmLink.swift; sourceTree = "<group>"; };
		45B6D9981DF83A9100038D29 /* MainViewControllerViewModel.swift */ = {isa = PBXFileReference; fileEncoding = 4; lastKnownFileType = sourcecode.swift; path = MainViewControllerViewModel.swift; sourceTree = "<group>"; };
		45BB41CC1E048B0C000FCEF1 /* StotyboardRouter.swift */ = {isa = PBXFileReference; fileEncoding = 4; lastKnownFileType = sourcecode.swift; path = StotyboardRouter.swift; sourceTree = "<group>"; };
		45BB41CE1E05597F000FCEF1 /* ViewControllersRoutingSwizzle.swift */ = {isa = PBXFileReference; fileEncoding = 4; lastKnownFileType = sourcecode.swift; path = ViewControllersRoutingSwizzle.swift; sourceTree = "<group>"; };
		45BB41D01E055E82000FCEF1 /* DispathQueue+Once.swift */ = {isa = PBXFileReference; fileEncoding = 4; lastKnownFileType = sourcecode.swift; path = "DispathQueue+Once.swift"; sourceTree = "<group>"; };
		45BB41D21E072236000FCEF1 /* SendingViewController.swift */ = {isa = PBXFileReference; fileEncoding = 4; lastKnownFileType = sourcecode.swift; path = SendingViewController.swift; sourceTree = "<group>"; };
		45D5EA281E1158DD004AADF1 /* PhoneNumberViewController.swift */ = {isa = PBXFileReference; fileEncoding = 4; lastKnownFileType = sourcecode.swift; path = PhoneNumberViewController.swift; sourceTree = "<group>"; };
		45D5EA2A1E115912004AADF1 /* EnterCodeViewController.swift */ = {isa = PBXFileReference; fileEncoding = 4; lastKnownFileType = sourcecode.swift; path = EnterCodeViewController.swift; sourceTree = "<group>"; };
		45D5EA2C1E115924004AADF1 /* PhoneNumberViewModel.swift */ = {isa = PBXFileReference; fileEncoding = 4; lastKnownFileType = sourcecode.swift; path = PhoneNumberViewModel.swift; sourceTree = "<group>"; };
		45D5EA2E1E11592D004AADF1 /* EnterCodeViewModel.swift */ = {isa = PBXFileReference; fileEncoding = 4; lastKnownFileType = sourcecode.swift; path = EnterCodeViewModel.swift; sourceTree = "<group>"; };
		B83F3C516B224908311570CE /* Pods-Profile.debug.xcconfig */ = {isa = PBXFileReference; includeInIndex = 1; lastKnownFileType = text.xcconfig; name = "Pods-Profile.debug.xcconfig"; path = "Pods/Target Support Files/Pods-Profile/Pods-Profile.debug.xcconfig"; sourceTree = "<group>"; };
		BC10A62F937DE360DE6B8028 /* Pods-ProfileTests.release.xcconfig */ = {isa = PBXFileReference; includeInIndex = 1; lastKnownFileType = text.xcconfig; name = "Pods-ProfileTests.release.xcconfig"; path = "Pods/Target Support Files/Pods-ProfileTests/Pods-ProfileTests.release.xcconfig"; sourceTree = "<group>"; };
		C3D87FE7A1A2B5518A6E19C3 /* Pods-Profile.release.xcconfig */ = {isa = PBXFileReference; includeInIndex = 1; lastKnownFileType = text.xcconfig; name = "Pods-Profile.release.xcconfig"; path = "Pods/Target Support Files/Pods-Profile/Pods-Profile.release.xcconfig"; sourceTree = "<group>"; };
		C73A84112364A796F1493C79 /* Pods_ProfileTests.framework */ = {isa = PBXFileReference; explicitFileType = wrapper.framework; includeInIndex = 0; path = Pods_ProfileTests.framework; sourceTree = BUILT_PRODUCTS_DIR; };
		DC4451FF0C9C356F3B6A4A46 /* Pods-ProfileTests.debug.xcconfig */ = {isa = PBXFileReference; includeInIndex = 1; lastKnownFileType = text.xcconfig; name = "Pods-ProfileTests.debug.xcconfig"; path = "Pods/Target Support Files/Pods-ProfileTests/Pods-ProfileTests.debug.xcconfig"; sourceTree = "<group>"; };
		E7AE6DC608A8559B89659F45 /* Pods_Profile.framework */ = {isa = PBXFileReference; explicitFileType = wrapper.framework; includeInIndex = 0; path = Pods_Profile.framework; sourceTree = BUILT_PRODUCTS_DIR; };
/* End PBXFileReference section */

/* Begin PBXFrameworksBuildPhase section */
		452EC6C41DF1E29400531090 /* Frameworks */ = {
			isa = PBXFrameworksBuildPhase;
			buildActionMask = 2147483647;
			files = (
				63318F4F2758F3F07ABD5A34 /* Pods_Profile.framework in Frameworks */,
			);
			runOnlyForDeploymentPostprocessing = 0;
		};
		452EC6D81DF1E29400531090 /* Frameworks */ = {
			isa = PBXFrameworksBuildPhase;
			buildActionMask = 2147483647;
			files = (
				94D915E8D071E37FCE625E7C /* Pods_ProfileTests.framework in Frameworks */,
			);
			runOnlyForDeploymentPostprocessing = 0;
		};
/* End PBXFrameworksBuildPhase section */

/* Begin PBXGroup section */
		240998665B7990692EE4FD10 /* Pods */ = {
			isa = PBXGroup;
			children = (
				B83F3C516B224908311570CE /* Pods-Profile.debug.xcconfig */,
				C3D87FE7A1A2B5518A6E19C3 /* Pods-Profile.release.xcconfig */,
				DC4451FF0C9C356F3B6A4A46 /* Pods-ProfileTests.debug.xcconfig */,
				BC10A62F937DE360DE6B8028 /* Pods-ProfileTests.release.xcconfig */,
			);
			name = Pods;
			sourceTree = "<group>";
		};
		452EC6BE1DF1E29400531090 = {
			isa = PBXGroup;
			children = (
				452EC6C91DF1E29400531090 /* Profile */,
				452EC6DE1DF1E29400531090 /* ProfileTests */,
				452EC6C81DF1E29400531090 /* Products */,
				240998665B7990692EE4FD10 /* Pods */,
				BA390981A21DBF423CAACA74 /* Frameworks */,
			);
			sourceTree = "<group>";
		};
		452EC6C81DF1E29400531090 /* Products */ = {
			isa = PBXGroup;
			children = (
				452EC6C71DF1E29400531090 /* Profile.app */,
				452EC6DB1DF1E29400531090 /* ProfileTests.xctest */,
			);
			name = Products;
			sourceTree = "<group>";
		};
		452EC6C91DF1E29400531090 /* Profile */ = {
			isa = PBXGroup;
			children = (
				455B371D1DF4629E00D47957 /* Profile.entitlements */,
				452EC6EA1DF1EE5000531090 /* Application Delegate */,
				452EC6EB1DF1EE5000531090 /* Configuration */,
				452EC6EC1DF1EE5000531090 /* Extensions */,
				452EC6ED1DF1EE5000531090 /* Managers */,
				452EC6EE1DF1EE5000531090 /* Models */,
				452EC6EF1DF1EE5000531090 /* Resources */,
				452EC6F01DF1EE5000531090 /* Storyboards */,
				452EC6F11DF1EE5000531090 /* View Controllers */,
				452EC6D61DF1E29400531090 /* Info.plist */,
			);
			path = Profile;
			sourceTree = "<group>";
		};
		452EC6DE1DF1E29400531090 /* ProfileTests */ = {
			isa = PBXGroup;
			children = (
				452EC6DF1DF1E29400531090 /* ProfileTests.swift */,
				452EC6E11DF1E29400531090 /* Info.plist */,
			);
			path = ProfileTests;
			sourceTree = "<group>";
		};
		452EC6EA1DF1EE5000531090 /* Application Delegate */ = {
			isa = PBXGroup;
			children = (
				452EC6CA1DF1E29400531090 /* AppDelegate.swift */,
			);
			path = "Application Delegate";
			sourceTree = "<group>";
		};
		452EC6EB1DF1EE5000531090 /* Configuration */ = {
			isa = PBXGroup;
			children = (
				455B37141DF42E9C00D47957 /* AppDependence.swift */,
				45BB41CE1E05597F000FCEF1 /* ViewControllersRoutingSwizzle.swift */,
			);
			path = Configuration;
			sourceTree = "<group>";
		};
		452EC6EC1DF1EE5000531090 /* Extensions */ = {
			isa = PBXGroup;
			children = (
				45BB41D01E055E82000FCEF1 /* DispathQueue+Once.swift */,
			);
			path = Extensions;
			sourceTree = "<group>";
		};
		452EC6ED1DF1EE5000531090 /* Managers */ = {
			isa = PBXGroup;
			children = (
				452EC6F41DF1EEE500531090 /* DBManager.swift */,
				455B37161DF42F4C00D47957 /* UserManager.swift */,
				457DA4441DF4A29C00920AFC /* PageViewModelManager.swift */,
				454425011DFEEE0900F7147B /* TypeLinkManager.swift */,
				45BB41CC1E048B0C000FCEF1 /* StotyboardRouter.swift */,
				451D3E101E1145EB00B6C86D /* SMSService.swift */,
			);
			path = Managers;
			sourceTree = "<group>";
		};
		452EC6EE1DF1EE5000531090 /* Models */ = {
			isa = PBXGroup;
			children = (
				454424FA1DFEE8C900F7147B /* TableViewCells */,
				453D9EC11DFB117400F06055 /* CollectionViewCells */,
				452EC6FA1DF2194200531090 /* RealmModel */,
			);
			path = Models;
			sourceTree = "<group>";
		};
		452EC6EF1DF1EE5000531090 /* Resources */ = {
			isa = PBXGroup;
			children = (
				452EC6D11DF1E29400531090 /* Assets.xcassets */,
			);
			path = Resources;
			sourceTree = "<group>";
		};
		452EC6F01DF1EE5000531090 /* Storyboards */ = {
			isa = PBXGroup;
			children = (
				452EC6CE1DF1E29400531090 /* Main.storyboard */,
				452EC6D31DF1E29400531090 /* LaunchScreen.storyboard */,
				455B371E1DF466D600D47957 /* Auth.storyboard */,
				455B37221DF4670B00D47957 /* Profile.storyboard */,
			);
			path = Storyboards;
			sourceTree = "<group>";
		};
		452EC6F11DF1EE5000531090 /* View Controllers */ = {
			isa = PBXGroup;
			children = (
				455B37241DF469BC00D47957 /* AuthViewControllers */,
				455B37251DF469BC00D47957 /* MainViewControllers */,
				455B37181DF4306A00D47957 /* RootViewController */,
			);
			path = "View Controllers";
			sourceTree = "<group>";
		};
		452EC6FA1DF2194200531090 /* RealmModel */ = {
			isa = PBXGroup;
			children = (
				452EC6FB1DF2195500531090 /* RealmUser.swift */,
				452EC6FD1DF21C6100531090 /* RealmProfile.swift */,
				45A609EA1DF2325200F98F20 /* RealmTypeLink.swift */,
				45A609EC1DF235DB00F98F20 /* RealmLink.swift */,
			);
			path = RealmModel;
			sourceTree = "<group>";
		};
		4531AC621DF4A514007F675F /* ViewModels */ = {
			isa = PBXGroup;
			children = (
				4531AC631DF4A52E007F675F /* AuthViewControllerViewModel.swift */,
				4531AC671DF59B7C007F675F /* CreateProfileViewControllerViewModel.swift */,
				45D5EA2C1E115924004AADF1 /* PhoneNumberViewModel.swift */,
				45D5EA2E1E11592D004AADF1 /* EnterCodeViewModel.swift */,
			);
			path = ViewModels;
			sourceTree = "<group>";
		};
		453D9EC11DFB117400F06055 /* CollectionViewCells */ = {
			isa = PBXGroup;
			children = (
				453D9EC21DFB119B00F06055 /* AddNewLinkCell.swift */,
				453D9EC41DFB11B400F06055 /* LinkCell.swift */,
			);
			name = CollectionViewCells;
			sourceTree = "<group>";
		};
		454424FA1DFEE8C900F7147B /* TableViewCells */ = {
			isa = PBXGroup;
			children = (
				454424FB1DFEE91700F7147B /* LinkTypeTableCell.swift */,
			);
			path = TableViewCells;
			sourceTree = "<group>";
		};
		455B37181DF4306A00D47957 /* RootViewController */ = {
			isa = PBXGroup;
			children = (
				455B37191DF4306A00D47957 /* RootViewController.swift */,
				455B371B1DF4309400D47957 /* RootControllerViewModel.swift */,
			);
			path = RootViewController;
			sourceTree = "<group>";
		};
		455B37241DF469BC00D47957 /* AuthViewControllers */ = {
			isa = PBXGroup;
			children = (
				455B37261DF469D600D47957 /* AuthViewController.swift */,
				457DA4401DF4906C00920AFC /* AuthContentViewController.swift */,
				4531AC651DF5991B007F675F /* CreateProfileViewController.swift */,
				4531AC621DF4A514007F675F /* ViewModels */,
				45D5EA281E1158DD004AADF1 /* PhoneNumberViewController.swift */,
				45D5EA2A1E115912004AADF1 /* EnterCodeViewController.swift */,
			);
			path = AuthViewControllers;
			sourceTree = "<group>";
		};
		455B37251DF469BC00D47957 /* MainViewControllers */ = {
			isa = PBXGroup;
			children = (
				45B6D9971DF83A7D00038D29 /* ViewModels */,
				455B37281DF469DF00D47957 /* MainViewController.swift */,
				454424FD1DFEE9F100F7147B /* AddLinkViewController.swift */,
				45BB41D21E072236000FCEF1 /* SendingViewController.swift */,
			);
			path = MainViewControllers;
			sourceTree = "<group>";
		};
		45B6D9971DF83A7D00038D29 /* ViewModels */ = {
			isa = PBXGroup;
			children = (
				45B6D9981DF83A9100038D29 /* MainViewControllerViewModel.swift */,
				454424FF1DFEED2900F7147B /* AddLinkViewControllerViewModel.swift */,
			);
			path = ViewModels;
			sourceTree = "<group>";
		};
		BA390981A21DBF423CAACA74 /* Frameworks */ = {
			isa = PBXGroup;
			children = (
				E7AE6DC608A8559B89659F45 /* Pods_Profile.framework */,
				C73A84112364A796F1493C79 /* Pods_ProfileTests.framework */,
			);
			name = Frameworks;
			sourceTree = "<group>";
		};
/* End PBXGroup section */

/* Begin PBXNativeTarget section */
		452EC6C61DF1E29400531090 /* Profile */ = {
			isa = PBXNativeTarget;
			buildConfigurationList = 452EC6E41DF1E29400531090 /* Build configuration list for PBXNativeTarget "Profile" */;
			buildPhases = (
				25DAC63A0943784AF3F4EE63 /* [CP] Check Pods Manifest.lock */,
				452EC6C31DF1E29400531090 /* Sources */,
				452EC6C41DF1E29400531090 /* Frameworks */,
				452EC6C51DF1E29400531090 /* Resources */,
				35049E76FC9584F5835C11DF /* [CP] Embed Pods Frameworks */,
				E785FF7DE91427B68B7C885B /* [CP] Copy Pods Resources */,
				4531AC691DF5BE43007F675F /* ShellScript */,
			);
			buildRules = (
			);
			dependencies = (
			);
			name = Profile;
			productName = Profile;
			productReference = 452EC6C71DF1E29400531090 /* Profile.app */;
			productType = "com.apple.product-type.application";
		};
		452EC6DA1DF1E29400531090 /* ProfileTests */ = {
			isa = PBXNativeTarget;
			buildConfigurationList = 452EC6E71DF1E29400531090 /* Build configuration list for PBXNativeTarget "ProfileTests" */;
			buildPhases = (
				2808AE9B0DD008651AEDB6A3 /* [CP] Check Pods Manifest.lock */,
				452EC6D71DF1E29400531090 /* Sources */,
				452EC6D81DF1E29400531090 /* Frameworks */,
				452EC6D91DF1E29400531090 /* Resources */,
				E7BE3291DC1FADE59DCDF565 /* [CP] Embed Pods Frameworks */,
				B596232084C253BAE8F4EEA9 /* [CP] Copy Pods Resources */,
			);
			buildRules = (
			);
			dependencies = (
				452EC6DD1DF1E29400531090 /* PBXTargetDependency */,
			);
			name = ProfileTests;
			productName = ProfileTests;
			productReference = 452EC6DB1DF1E29400531090 /* ProfileTests.xctest */;
			productType = "com.apple.product-type.bundle.unit-test";
		};
/* End PBXNativeTarget section */

/* Begin PBXProject section */
		452EC6BF1DF1E29400531090 /* Project object */ = {
			isa = PBXProject;
			attributes = {
				LastSwiftUpdateCheck = 0810;
				LastUpgradeCheck = 0820;
				ORGANIZATIONNAME = "Iliya Kuznetsov";
				TargetAttributes = {
					452EC6C61DF1E29400531090 = {
						CreatedOnToolsVersion = 8.1;
						DevelopmentTeam = 37AJSFSX3R;
						ProvisioningStyle = Automatic;
						SystemCapabilities = {
							com.apple.Keychain = {
								enabled = 1;
							};
						};
					};
					452EC6DA1DF1E29400531090 = {
						CreatedOnToolsVersion = 8.1;
						DevelopmentTeam = 37AJSFSX3R;
						ProvisioningStyle = Automatic;
						TestTargetID = 452EC6C61DF1E29400531090;
					};
				};
			};
			buildConfigurationList = 452EC6C21DF1E29400531090 /* Build configuration list for PBXProject "Profile" */;
			compatibilityVersion = "Xcode 3.2";
			developmentRegion = English;
			hasScannedForEncodings = 0;
			knownRegions = (
				en,
				Base,
			);
			mainGroup = 452EC6BE1DF1E29400531090;
			productRefGroup = 452EC6C81DF1E29400531090 /* Products */;
			projectDirPath = "";
			projectRoot = "";
			targets = (
				452EC6C61DF1E29400531090 /* Profile */,
				452EC6DA1DF1E29400531090 /* ProfileTests */,
			);
		};
/* End PBXProject section */

/* Begin PBXResourcesBuildPhase section */
		452EC6C51DF1E29400531090 /* Resources */ = {
			isa = PBXResourcesBuildPhase;
			buildActionMask = 2147483647;
			files = (
				455B371F1DF466D600D47957 /* Auth.storyboard in Resources */,
				452EC6D51DF1E29400531090 /* LaunchScreen.storyboard in Resources */,
				455B37231DF4670B00D47957 /* Profile.storyboard in Resources */,
				452EC6D21DF1E29400531090 /* Assets.xcassets in Resources */,
				452EC6D01DF1E29400531090 /* Main.storyboard in Resources */,
			);
			runOnlyForDeploymentPostprocessing = 0;
		};
		452EC6D91DF1E29400531090 /* Resources */ = {
			isa = PBXResourcesBuildPhase;
			buildActionMask = 2147483647;
			files = (
			);
			runOnlyForDeploymentPostprocessing = 0;
		};
/* End PBXResourcesBuildPhase section */

/* Begin PBXShellScriptBuildPhase section */
		25DAC63A0943784AF3F4EE63 /* [CP] Check Pods Manifest.lock */ = {
			isa = PBXShellScriptBuildPhase;
			buildActionMask = 2147483647;
			files = (
			);
			inputPaths = (
			);
			name = "[CP] Check Pods Manifest.lock";
			outputPaths = (
			);
			runOnlyForDeploymentPostprocessing = 0;
			shellPath = /bin/sh;
			shellScript = "diff \"${PODS_ROOT}/../Podfile.lock\" \"${PODS_ROOT}/Manifest.lock\" > /dev/null\nif [ $? != 0 ] ; then\n    # print error to STDERR\n    echo \"error: The sandbox is not in sync with the Podfile.lock. Run 'pod install' or update your CocoaPods installation.\" >&2\n    exit 1\nfi\n";
			showEnvVarsInLog = 0;
		};
		2808AE9B0DD008651AEDB6A3 /* [CP] Check Pods Manifest.lock */ = {
			isa = PBXShellScriptBuildPhase;
			buildActionMask = 2147483647;
			files = (
			);
			inputPaths = (
			);
			name = "[CP] Check Pods Manifest.lock";
			outputPaths = (
			);
			runOnlyForDeploymentPostprocessing = 0;
			shellPath = /bin/sh;
			shellScript = "diff \"${PODS_ROOT}/../Podfile.lock\" \"${PODS_ROOT}/Manifest.lock\" > /dev/null\nif [ $? != 0 ] ; then\n    # print error to STDERR\n    echo \"error: The sandbox is not in sync with the Podfile.lock. Run 'pod install' or update your CocoaPods installation.\" >&2\n    exit 1\nfi\n";
			showEnvVarsInLog = 0;
		};
		35049E76FC9584F5835C11DF /* [CP] Embed Pods Frameworks */ = {
			isa = PBXShellScriptBuildPhase;
			buildActionMask = 2147483647;
			files = (
			);
			inputPaths = (
			);
			name = "[CP] Embed Pods Frameworks";
			outputPaths = (
			);
			runOnlyForDeploymentPostprocessing = 0;
			shellPath = /bin/sh;
			shellScript = "\"${SRCROOT}/Pods/Target Support Files/Pods-Profile/Pods-Profile-frameworks.sh\"\n";
			showEnvVarsInLog = 0;
		};
		4531AC691DF5BE43007F675F /* ShellScript */ = {
			isa = PBXShellScriptBuildPhase;
			buildActionMask = 2147483647;
			files = (
			);
			inputPaths = (
			);
			outputPaths = (
			);
			runOnlyForDeploymentPostprocessing = 0;
			shellPath = /bin/sh;
			shellScript = "\"${PODS_ROOT}/Fabric/run\" a505d14f1f89246edf11de7e57567c00069d85e1 cac5cee95bd43ee9558d0273f5b8967205ef113184c97fa1df7fb4e0f56e8db1";
		};
		B596232084C253BAE8F4EEA9 /* [CP] Copy Pods Resources */ = {
			isa = PBXShellScriptBuildPhase;
			buildActionMask = 2147483647;
			files = (
			);
			inputPaths = (
			);
			name = "[CP] Copy Pods Resources";
			outputPaths = (
			);
			runOnlyForDeploymentPostprocessing = 0;
			shellPath = /bin/sh;
			shellScript = "\"${SRCROOT}/Pods/Target Support Files/Pods-ProfileTests/Pods-ProfileTests-resources.sh\"\n";
			showEnvVarsInLog = 0;
		};
		E785FF7DE91427B68B7C885B /* [CP] Copy Pods Resources */ = {
			isa = PBXShellScriptBuildPhase;
			buildActionMask = 2147483647;
			files = (
			);
			inputPaths = (
			);
			name = "[CP] Copy Pods Resources";
			outputPaths = (
			);
			runOnlyForDeploymentPostprocessing = 0;
			shellPath = /bin/sh;
			shellScript = "\"${SRCROOT}/Pods/Target Support Files/Pods-Profile/Pods-Profile-resources.sh\"\n";
			showEnvVarsInLog = 0;
		};
		E7BE3291DC1FADE59DCDF565 /* [CP] Embed Pods Frameworks */ = {
			isa = PBXShellScriptBuildPhase;
			buildActionMask = 2147483647;
			files = (
			);
			inputPaths = (
			);
			name = "[CP] Embed Pods Frameworks";
			outputPaths = (
			);
			runOnlyForDeploymentPostprocessing = 0;
			shellPath = /bin/sh;
			shellScript = "\"${SRCROOT}/Pods/Target Support Files/Pods-ProfileTests/Pods-ProfileTests-frameworks.sh\"\n";
			showEnvVarsInLog = 0;
		};
/* End PBXShellScriptBuildPhase section */

/* Begin PBXSourcesBuildPhase section */
		452EC6C31DF1E29400531090 /* Sources */ = {
			isa = PBXSourcesBuildPhase;
			buildActionMask = 2147483647;
			files = (
				4531AC661DF5991B007F675F /* CreateProfileViewController.swift in Sources */,
				455B37271DF469D600D47957 /* AuthViewController.swift in Sources */,
				45D5EA291E1158DD004AADF1 /* PhoneNumberViewController.swift in Sources */,
				457DA4451DF4A29C00920AFC /* PageViewModelManager.swift in Sources */,
				45D5EA2D1E115924004AADF1 /* PhoneNumberViewModel.swift in Sources */,
				45D5EA2B1E115912004AADF1 /* EnterCodeViewController.swift in Sources */,
				4531AC641DF4A52E007F675F /* AuthViewControllerViewModel.swift in Sources */,
				45BB41CD1E048B0C000FCEF1 /* StotyboardRouter.swift in Sources */,
				455B371A1DF4306A00D47957 /* RootViewController.swift in Sources */,
				455B37171DF42F4C00D47957 /* UserManager.swift in Sources */,
				453D9EC31DFB119B00F06055 /* AddNewLinkCell.swift in Sources */,
				453D9EC51DFB11B400F06055 /* LinkCell.swift in Sources */,
				455B37291DF469DF00D47957 /* MainViewController.swift in Sources */,
				454424FC1DFEE91700F7147B /* LinkTypeTableCell.swift in Sources */,
				454424FE1DFEE9F100F7147B /* AddLinkViewController.swift in Sources */,
				45B6D9991DF83A9100038D29 /* MainViewControllerViewModel.swift in Sources */,
				455B371C1DF4309400D47957 /* RootControllerViewModel.swift in Sources */,
				45D5EA2F1E11592D004AADF1 /* EnterCodeViewModel.swift in Sources */,
				45BB41CF1E05597F000FCEF1 /* ViewControllersRoutingSwizzle.swift in Sources */,
				454425021DFEEE0900F7147B /* TypeLinkManager.swift in Sources */,
				45A609EB1DF2325200F98F20 /* RealmTypeLink.swift in Sources */,
				455B37151DF42E9C00D47957 /* AppDependence.swift in Sources */,
				452EC6FE1DF21C6100531090 /* RealmProfile.swift in Sources */,
				451D3E111E1145EB00B6C86D /* SMSService.swift in Sources */,
				4531AC681DF59B7C007F675F /* CreateProfileViewControllerViewModel.swift in Sources */,
				452EC6FC1DF2195500531090 /* RealmUser.swift in Sources */,
				45BB41D31E072236000FCEF1 /* SendingViewController.swift in Sources */,
				452EC6CB1DF1E29400531090 /* AppDelegate.swift in Sources */,
				45BB41D11E055E82000FCEF1 /* DispathQueue+Once.swift in Sources */,
				452EC6F51DF1EEE500531090 /* DBManager.swift in Sources */,
				45A609ED1DF235DB00F98F20 /* RealmLink.swift in Sources */,
				454425001DFEED2900F7147B /* AddLinkViewControllerViewModel.swift in Sources */,
				457DA4411DF4906C00920AFC /* AuthContentViewController.swift in Sources */,
			);
			runOnlyForDeploymentPostprocessing = 0;
		};
		452EC6D71DF1E29400531090 /* Sources */ = {
			isa = PBXSourcesBuildPhase;
			buildActionMask = 2147483647;
			files = (
				452EC6E01DF1E29400531090 /* ProfileTests.swift in Sources */,
			);
			runOnlyForDeploymentPostprocessing = 0;
		};
/* End PBXSourcesBuildPhase section */

/* Begin PBXTargetDependency section */
		452EC6DD1DF1E29400531090 /* PBXTargetDependency */ = {
			isa = PBXTargetDependency;
			target = 452EC6C61DF1E29400531090 /* Profile */;
			targetProxy = 452EC6DC1DF1E29400531090 /* PBXContainerItemProxy */;
		};
/* End PBXTargetDependency section */

/* Begin PBXVariantGroup section */
		452EC6CE1DF1E29400531090 /* Main.storyboard */ = {
			isa = PBXVariantGroup;
			children = (
				452EC6CF1DF1E29400531090 /* Base */,
			);
			name = Main.storyboard;
			path = ..;
			sourceTree = "<group>";
		};
		452EC6D31DF1E29400531090 /* LaunchScreen.storyboard */ = {
			isa = PBXVariantGroup;
			children = (
				452EC6D41DF1E29400531090 /* Base */,
			);
			name = LaunchScreen.storyboard;
			path = ..;
			sourceTree = "<group>";
		};
/* End PBXVariantGroup section */

/* Begin XCBuildConfiguration section */
		452EC6E21DF1E29400531090 /* Debug */ = {
			isa = XCBuildConfiguration;
			buildSettings = {
				ALWAYS_SEARCH_USER_PATHS = NO;
				CLANG_ANALYZER_NONNULL = YES;
				CLANG_CXX_LANGUAGE_STANDARD = "gnu++0x";
				CLANG_CXX_LIBRARY = "libc++";
				CLANG_ENABLE_MODULES = YES;
				CLANG_ENABLE_OBJC_ARC = YES;
				CLANG_WARN_BOOL_CONVERSION = YES;
				CLANG_WARN_CONSTANT_CONVERSION = YES;
				CLANG_WARN_DIRECT_OBJC_ISA_USAGE = YES_ERROR;
				CLANG_WARN_DOCUMENTATION_COMMENTS = YES;
				CLANG_WARN_EMPTY_BODY = YES;
				CLANG_WARN_ENUM_CONVERSION = YES;
				CLANG_WARN_INFINITE_RECURSION = YES;
				CLANG_WARN_INT_CONVERSION = YES;
				CLANG_WARN_OBJC_ROOT_CLASS = YES_ERROR;
				CLANG_WARN_SUSPICIOUS_MOVE = YES;
				CLANG_WARN_SUSPICIOUS_MOVES = YES;
				CLANG_WARN_UNREACHABLE_CODE = YES;
				CLANG_WARN__DUPLICATE_METHOD_MATCH = YES;
				"CODE_SIGN_IDENTITY[sdk=iphoneos*]" = "iPhone Developer";
				COPY_PHASE_STRIP = NO;
				DEBUG_INFORMATION_FORMAT = dwarf;
				ENABLE_STRICT_OBJC_MSGSEND = YES;
				ENABLE_TESTABILITY = YES;
				GCC_C_LANGUAGE_STANDARD = gnu99;
				GCC_DYNAMIC_NO_PIC = NO;
				GCC_NO_COMMON_BLOCKS = YES;
				GCC_OPTIMIZATION_LEVEL = 0;
				GCC_PREPROCESSOR_DEFINITIONS = (
					"DEBUG=1",
					"$(inherited)",
				);
				GCC_WARN_64_TO_32_BIT_CONVERSION = YES;
				GCC_WARN_ABOUT_RETURN_TYPE = YES_ERROR;
				GCC_WARN_UNDECLARED_SELECTOR = YES;
				GCC_WARN_UNINITIALIZED_AUTOS = YES_AGGRESSIVE;
				GCC_WARN_UNUSED_FUNCTION = YES;
				GCC_WARN_UNUSED_VARIABLE = YES;
				IPHONEOS_DEPLOYMENT_TARGET = 10.1;
				MTL_ENABLE_DEBUG_INFO = YES;
				ONLY_ACTIVE_ARCH = YES;
				SDKROOT = iphoneos;
				SWIFT_ACTIVE_COMPILATION_CONDITIONS = DEBUG;
				SWIFT_OPTIMIZATION_LEVEL = "-Onone";
				TARGETED_DEVICE_FAMILY = "1,2";
			};
			name = Debug;
		};
		452EC6E31DF1E29400531090 /* Release */ = {
			isa = XCBuildConfiguration;
			buildSettings = {
				ALWAYS_SEARCH_USER_PATHS = NO;
				CLANG_ANALYZER_NONNULL = YES;
				CLANG_CXX_LANGUAGE_STANDARD = "gnu++0x";
				CLANG_CXX_LIBRARY = "libc++";
				CLANG_ENABLE_MODULES = YES;
				CLANG_ENABLE_OBJC_ARC = YES;
				CLANG_WARN_BOOL_CONVERSION = YES;
				CLANG_WARN_CONSTANT_CONVERSION = YES;
				CLANG_WARN_DIRECT_OBJC_ISA_USAGE = YES_ERROR;
				CLANG_WARN_DOCUMENTATION_COMMENTS = YES;
				CLANG_WARN_EMPTY_BODY = YES;
				CLANG_WARN_ENUM_CONVERSION = YES;
				CLANG_WARN_INFINITE_RECURSION = YES;
				CLANG_WARN_INT_CONVERSION = YES;
				CLANG_WARN_OBJC_ROOT_CLASS = YES_ERROR;
				CLANG_WARN_SUSPICIOUS_MOVE = YES;
				CLANG_WARN_SUSPICIOUS_MOVES = YES;
				CLANG_WARN_UNREACHABLE_CODE = YES;
				CLANG_WARN__DUPLICATE_METHOD_MATCH = YES;
				"CODE_SIGN_IDENTITY[sdk=iphoneos*]" = "iPhone Developer";
				COPY_PHASE_STRIP = NO;
				DEBUG_INFORMATION_FORMAT = "dwarf-with-dsym";
				ENABLE_NS_ASSERTIONS = NO;
				ENABLE_STRICT_OBJC_MSGSEND = YES;
				GCC_C_LANGUAGE_STANDARD = gnu99;
				GCC_NO_COMMON_BLOCKS = YES;
				GCC_WARN_64_TO_32_BIT_CONVERSION = YES;
				GCC_WARN_ABOUT_RETURN_TYPE = YES_ERROR;
				GCC_WARN_UNDECLARED_SELECTOR = YES;
				GCC_WARN_UNINITIALIZED_AUTOS = YES_AGGRESSIVE;
				GCC_WARN_UNUSED_FUNCTION = YES;
				GCC_WARN_UNUSED_VARIABLE = YES;
				IPHONEOS_DEPLOYMENT_TARGET = 10.1;
				MTL_ENABLE_DEBUG_INFO = NO;
				SDKROOT = iphoneos;
				SWIFT_OPTIMIZATION_LEVEL = "-Owholemodule";
				TARGETED_DEVICE_FAMILY = "1,2";
				VALIDATE_PRODUCT = YES;
			};
			name = Release;
		};
		452EC6E51DF1E29400531090 /* Debug */ = {
			isa = XCBuildConfiguration;
			baseConfigurationReference = B83F3C516B224908311570CE /* Pods-Profile.debug.xcconfig */;
			buildSettings = {
				ASSETCATALOG_COMPILER_APPICON_NAME = AppIcon;
				CODE_SIGN_ENTITLEMENTS = Profile/Profile.entitlements;
				DEVELOPMENT_TEAM = 37AJSFSX3R;
				INFOPLIST_FILE = Profile/Info.plist;
				LD_RUNPATH_SEARCH_PATHS = "$(inherited) @executable_path/Frameworks";
				PRODUCT_BUNDLE_IDENTIFIER = com.kuznetsov.Profile;
				PRODUCT_NAME = "$(TARGET_NAME)";
				SWIFT_VERSION = 3.0;
			};
			name = Debug;
		};
		452EC6E61DF1E29400531090 /* Release */ = {
			isa = XCBuildConfiguration;
			baseConfigurationReference = C3D87FE7A1A2B5518A6E19C3 /* Pods-Profile.release.xcconfig */;
			buildSettings = {
				ASSETCATALOG_COMPILER_APPICON_NAME = AppIcon;
				CODE_SIGN_ENTITLEMENTS = Profile/Profile.entitlements;
				DEVELOPMENT_TEAM = 37AJSFSX3R;
				INFOPLIST_FILE = Profile/Info.plist;
				LD_RUNPATH_SEARCH_PATHS = "$(inherited) @executable_path/Frameworks";
				PRODUCT_BUNDLE_IDENTIFIER = com.kuznetsov.Profile;
				PRODUCT_NAME = "$(TARGET_NAME)";
				SWIFT_VERSION = 3.0;
			};
			name = Release;
		};
		452EC6E81DF1E29400531090 /* Debug */ = {
			isa = XCBuildConfiguration;
			baseConfigurationReference = DC4451FF0C9C356F3B6A4A46 /* Pods-ProfileTests.debug.xcconfig */;
			buildSettings = {
				ALWAYS_EMBED_SWIFT_STANDARD_LIBRARIES = YES;
				BUNDLE_LOADER = "$(TEST_HOST)";
				DEVELOPMENT_TEAM = 37AJSFSX3R;
				INFOPLIST_FILE = ProfileTests/Info.plist;
				LD_RUNPATH_SEARCH_PATHS = "$(inherited) @executable_path/Frameworks @loader_path/Frameworks";
				PRODUCT_BUNDLE_IDENTIFIER = com.kuznetsov.chat.ProfileTests;
				PRODUCT_NAME = "$(TARGET_NAME)";
				SWIFT_VERSION = 3.0;
				TEST_HOST = "$(BUILT_PRODUCTS_DIR)/Profile.app/Profile";
			};
			name = Debug;
		};
		452EC6E91DF1E29400531090 /* Release */ = {
			isa = XCBuildConfiguration;
			baseConfigurationReference = BC10A62F937DE360DE6B8028 /* Pods-ProfileTests.release.xcconfig */;
			buildSettings = {
				ALWAYS_EMBED_SWIFT_STANDARD_LIBRARIES = YES;
				BUNDLE_LOADER = "$(TEST_HOST)";
				DEVELOPMENT_TEAM = 37AJSFSX3R;
				INFOPLIST_FILE = ProfileTests/Info.plist;
				LD_RUNPATH_SEARCH_PATHS = "$(inherited) @executable_path/Frameworks @loader_path/Frameworks";
				PRODUCT_BUNDLE_IDENTIFIER = com.kuznetsov.chat.ProfileTests;
				PRODUCT_NAME = "$(TARGET_NAME)";
				SWIFT_VERSION = 3.0;
				TEST_HOST = "$(BUILT_PRODUCTS_DIR)/Profile.app/Profile";
			};
			name = Release;
		};
/* End XCBuildConfiguration section */

/* Begin XCConfigurationList section */
		452EC6C21DF1E29400531090 /* Build configuration list for PBXProject "Profile" */ = {
			isa = XCConfigurationList;
			buildConfigurations = (
				452EC6E21DF1E29400531090 /* Debug */,
				452EC6E31DF1E29400531090 /* Release */,
			);
			defaultConfigurationIsVisible = 0;
			defaultConfigurationName = Release;
		};
		452EC6E41DF1E29400531090 /* Build configuration list for PBXNativeTarget "Profile" */ = {
			isa = XCConfigurationList;
			buildConfigurations = (
				452EC6E51DF1E29400531090 /* Debug */,
				452EC6E61DF1E29400531090 /* Release */,
			);
			defaultConfigurationIsVisible = 0;
			defaultConfigurationName = Release;
		};
		452EC6E71DF1E29400531090 /* Build configuration list for PBXNativeTarget "ProfileTests" */ = {
			isa = XCConfigurationList;
			buildConfigurations = (
				452EC6E81DF1E29400531090 /* Debug */,
				452EC6E91DF1E29400531090 /* Release */,
			);
			defaultConfigurationIsVisible = 0;
			defaultConfigurationName = Release;
		};
/* End XCConfigurationList section */
	};
	rootObject = 452EC6BF1DF1E29400531090 /* Project object */;
}
